
Microsoft Visual Studio Solution File, Format Version 12.00
# Visual Studio Express 2013 for Windows Desktop
VisualStudioVersion = 12.0.30110.0
MinimumVisualStudioVersion = 10.0.40219.1
Project("{8BC9CEB8-8B4A-11D0-8D11-00A0C91BC942}") = "Console_WizardryRPGSystem", "Console_WizardryRPGSystem\Console_WizardryRPGSystem.vcxproj", "{5A5F4BCD-CE15-48C3-814C-5DF7868E6BB3}"
EndProject
Project("{8BC9CEB8-8B4A-11D0-8D11-00A0C91BC942}") = "test", "test\test.vcxproj", "{B1458D49-9F59-4A98-9020-FF3E7C1A7BD4}"
EndProject
Project("{8BC9CEB8-8B4A-11D0-8D11-00A0C91BC942}") = "NovelParser", "NovelParser\NovelParser.vcxproj", "{A71D0F52-7745-43FA-AE75-B8ECE4B0E2FC}"
EndProject
Global
	GlobalSection(SolutionConfigurationPlatforms) = preSolution
		Debug|Win32 = Debug|Win32
		Release|Win32 = Release|Win32
	EndGlobalSection
	GlobalSection(ProjectConfigurationPlatforms) = postSolution
		{5A5F4BCD-CE15-48C3-814C-5DF7868E6BB3}.Debug|Win32.ActiveCfg = Debug|Win32
		{5A5F4BCD-CE15-48C3-814C-5DF7868E6BB3}.Debug|Win32.Build.0 = Debug|Win32
		{5A5F4BCD-CE15-48C3-814C-5DF7868E6BB3}.Release|Win32.ActiveCfg = Release|Win32
		{5A5F4BCD-CE15-48C3-814C-5DF7868E6BB3}.Release|Win32.Build.0 = Release|Win32
		{B1458D49-9F59-4A98-9020-FF3E7C1A7BD4}.Debug|Win32.ActiveCfg = Debug|Win32
		{B1458D49-9F59-4A98-9020-FF3E7C1A7BD4}.Debug|Win32.Build.0 = Debug|Win32
		{B1458D49-9F59-4A98-9020-FF3E7C1A7BD4}.Release|Win32.ActiveCfg = Release|Win32
		{B1458D49-9F59-4A98-9020-FF3E7C1A7BD4}.Release|Win32.Build.0 = Release|Win32
		{A71D0F52-7745-43FA-AE75-B8ECE4B0E2FC}.Debug|Win32.ActiveCfg = Debug|Win32
		{A71D0F52-7745-43FA-AE75-B8ECE4B0E2FC}.Debug|Win32.Build.0 = Debug|Win32
		{A71D0F52-7745-43FA-AE75-B8ECE4B0E2FC}.Release|Win32.ActiveCfg = Release|Win32
		{A71D0F52-7745-43FA-AE75-B8ECE4B0E2FC}.Release|Win32.Build.0 = Release|Win32
	EndGlobalSection
	GlobalSection(SolutionProperties) = preSolution
		HideSolutionNode = FALSE
	EndGlobalSection
EndGlobal
